
Microsoft Visual Studio Solution File, Format Version 12.00
# Visual Studio Version 16
VisualStudioVersion = 16.0.31702.278
MinimumVisualStudioVersion = 10.0.40219.1
Project("{FAE04EC0-301F-11D3-BF4B-00C04F79EFBC}") = "VietnameseCrawler", "VietnameseCrawler\VietnameseCrawler.csproj", "{E8733C9C-40ED-45A4-9B44-09473A5ECC86}"
EndProject
Global
	GlobalSection(SolutionConfigurationPlatforms) = preSolution
		Debug|Any CPU = Debug|Any CPU
		Release|Any CPU = Release|Any CPU
	EndGlobalSection
	GlobalSection(ProjectConfigurationPlatforms) = postSolution
		{E8733C9C-40ED-45A4-9B44-09473A5ECC86}.Debug|Any CPU.ActiveCfg = Debug|Any CPU
		{E8733C9C-40ED-45A4-9B44-09473A5ECC86}.Debug|Any CPU.Build.0 = Debug|Any CPU
		{E8733C9C-40ED-45A4-9B44-09473A5ECC86}.Release|Any CPU.ActiveCfg = Release|Any CPU
		{E8733C9C-40ED-45A4-9B44-09473A5ECC86}.Release|Any CPU.Build.0 = Release|Any CPU
	EndGlobalSection
	GlobalSection(SolutionProperties) = preSolution
		HideSolutionNode = FALSE
	EndGlobalSection
	GlobalSection(ExtensibilityGlobals) = postSolution
		SolutionGuid = {2612EC00-A41F-4C9D-BE54-D155AF9A7822}
	EndGlobalSection
EndGlobal
